{
  "requires": true,
  "lockfileVersion": 1,
  "dependencies": {
    "ed-grid": {
      "version": "2.8.1",
      "resolved": "https://registry.npmjs.org/ed-grid/-/ed-grid-2.8.1.tgz",
      "integrity": "sha512-EAQykD7zYcxFhdiPW6KZCKIZV/JNpvMWdZbLC7onJSQVrCPswEa9WFjD4RDH/8r9cYmQPuNBPIlgW6TWGRCFtw==",
      "dev": true
    }
  }
}
